
Microsoft Visual Studio Solution File, Format Version 12.00
Project("{2150E333-8FDC-42A3-9474-1A3956D46DE8}") = "src", "src", "{92F214AD-98D2-4BF7-A4FE-37F6F8A67034}"
EndProject
Project("{FAE04EC0-301F-11D3-BF4B-00C04F79EFBC}") = "Application", "src\Application\Application.csproj", "{A7285A13-C2A1-4C4D-8045-B451B3880D5B}"
EndProject
Project("{FAE04EC0-301F-11D3-BF4B-00C04F79EFBC}") = "Domain", "src\Domain\Domain.csproj", "{7117E632-AA20-42D6-9B9C-1719CF60626B}"
EndProject
Project("{FAE04EC0-301F-11D3-BF4B-00C04F79EFBC}") = "Infra", "src\Infra\Infra.csproj", "{06DEB61D-B51C-4631-A631-B866CE80D1E5}"
EndProject
Project("{FAE04EC0-301F-11D3-BF4B-00C04F79EFBC}") = "Web", "src\Web\Web.csproj", "{EB85D502-36F5-4735-91C6-E80FB7AC289E}"
EndProject
Project("{2150E333-8FDC-42A3-9474-1A3956D46DE8}") = "test", "test", "{4A1EAE49-EA6A-48BE-A45E-D87375646576}"
EndProject
Project("{FAE04EC0-301F-11D3-BF4B-00C04F79EFBC}") = "Infra.IntegrationTests", "test\Infra.IntegrationTests\Infra.IntegrationTests.csproj", "{7417D8FD-8383-4C60-8698-F8E771E002F7}"
EndProject
Project("{FAE04EC0-301F-11D3-BF4B-00C04F79EFBC}") = "Application.IntegrationTests", "test\Application.IntegrationTests\Application.IntegrationTests.csproj", "{E2E95BD6-3135-4D09-83ED-4061B0D73A22}"
EndProject
Project("{FAE04EC0-301F-11D3-BF4B-00C04F79EFBC}") = "Application.UnitTests", "test\Application.UnitTests\Application.UnitTests.csproj", "{DD8015AC-0685-4785-9549-10B218BE9E11}"
EndProject
Project("{FAE04EC0-301F-11D3-BF4B-00C04F79EFBC}") = "Domain.UnitTests", "test\Domain.UnitTests\Domain.UnitTests.csproj", "{3B378C1E-F4C1-4EE8-9F0D-449144FC2EA4}"
EndProject
Project("{FAE04EC0-301F-11D3-BF4B-00C04F79EFBC}") = "Core.UnitTest", "test\Core.UnitTest\Core.UnitTest.csproj", "{17259209-6FA5-430D-891D-08FE7A1E42C7}"
EndProject
Global
	GlobalSection(SolutionConfigurationPlatforms) = preSolution
		Debug|Any CPU = Debug|Any CPU
		Release|Any CPU = Release|Any CPU
	EndGlobalSection
	GlobalSection(NestedProjects) = preSolution
		{A7285A13-C2A1-4C4D-8045-B451B3880D5B} = {92F214AD-98D2-4BF7-A4FE-37F6F8A67034}
		{7117E632-AA20-42D6-9B9C-1719CF60626B} = {92F214AD-98D2-4BF7-A4FE-37F6F8A67034}
		{06DEB61D-B51C-4631-A631-B866CE80D1E5} = {92F214AD-98D2-4BF7-A4FE-37F6F8A67034}
		{EB85D502-36F5-4735-91C6-E80FB7AC289E} = {92F214AD-98D2-4BF7-A4FE-37F6F8A67034}
		{7417D8FD-8383-4C60-8698-F8E771E002F7} = {4A1EAE49-EA6A-48BE-A45E-D87375646576}
		{E2E95BD6-3135-4D09-83ED-4061B0D73A22} = {4A1EAE49-EA6A-48BE-A45E-D87375646576}
		{DD8015AC-0685-4785-9549-10B218BE9E11} = {4A1EAE49-EA6A-48BE-A45E-D87375646576}
		{3B378C1E-F4C1-4EE8-9F0D-449144FC2EA4} = {4A1EAE49-EA6A-48BE-A45E-D87375646576}
		{17259209-6FA5-430D-891D-08FE7A1E42C7} = {4A1EAE49-EA6A-48BE-A45E-D87375646576}
	EndGlobalSection
	GlobalSection(ProjectConfigurationPlatforms) = postSolution
		{7117E632-AA20-42D6-9B9C-1719CF60626B}.Debug|Any CPU.ActiveCfg = Debug|Any CPU
		{7117E632-AA20-42D6-9B9C-1719CF60626B}.Debug|Any CPU.Build.0 = Debug|Any CPU
		{7117E632-AA20-42D6-9B9C-1719CF60626B}.Release|Any CPU.ActiveCfg = Release|Any CPU
		{7117E632-AA20-42D6-9B9C-1719CF60626B}.Release|Any CPU.Build.0 = Release|Any CPU
		{06DEB61D-B51C-4631-A631-B866CE80D1E5}.Debug|Any CPU.ActiveCfg = Debug|Any CPU
		{06DEB61D-B51C-4631-A631-B866CE80D1E5}.Debug|Any CPU.Build.0 = Debug|Any CPU
		{06DEB61D-B51C-4631-A631-B866CE80D1E5}.Release|Any CPU.ActiveCfg = Release|Any CPU
		{06DEB61D-B51C-4631-A631-B866CE80D1E5}.Release|Any CPU.Build.0 = Release|Any CPU
		{EB85D502-36F5-4735-91C6-E80FB7AC289E}.Debug|Any CPU.ActiveCfg = Debug|Any CPU
		{EB85D502-36F5-4735-91C6-E80FB7AC289E}.Debug|Any CPU.Build.0 = Debug|Any CPU
		{EB85D502-36F5-4735-91C6-E80FB7AC289E}.Release|Any CPU.ActiveCfg = Release|Any CPU
		{EB85D502-36F5-4735-91C6-E80FB7AC289E}.Release|Any CPU.Build.0 = Release|Any CPU
		{7417D8FD-8383-4C60-8698-F8E771E002F7}.Debug|Any CPU.ActiveCfg = Debug|Any CPU
		{7417D8FD-8383-4C60-8698-F8E771E002F7}.Debug|Any CPU.Build.0 = Debug|Any CPU
		{7417D8FD-8383-4C60-8698-F8E771E002F7}.Release|Any CPU.ActiveCfg = Release|Any CPU
		{7417D8FD-8383-4C60-8698-F8E771E002F7}.Release|Any CPU.Build.0 = Release|Any CPU
		{E2E95BD6-3135-4D09-83ED-4061B0D73A22}.Debug|Any CPU.ActiveCfg = Debug|Any CPU
		{E2E95BD6-3135-4D09-83ED-4061B0D73A22}.Debug|Any CPU.Build.0 = Debug|Any CPU
		{E2E95BD6-3135-4D09-83ED-4061B0D73A22}.Release|Any CPU.ActiveCfg = Release|Any CPU
		{E2E95BD6-3135-4D09-83ED-4061B0D73A22}.Release|Any CPU.Build.0 = Release|Any CPU
		{DD8015AC-0685-4785-9549-10B218BE9E11}.Debug|Any CPU.ActiveCfg = Debug|Any CPU
		{DD8015AC-0685-4785-9549-10B218BE9E11}.Debug|Any CPU.Build.0 = Debug|Any CPU
		{DD8015AC-0685-4785-9549-10B218BE9E11}.Release|Any CPU.ActiveCfg = Release|Any CPU
		{DD8015AC-0685-4785-9549-10B218BE9E11}.Release|Any CPU.Build.0 = Release|Any CPU
		{3B378C1E-F4C1-4EE8-9F0D-449144FC2EA4}.Debug|Any CPU.ActiveCfg = Debug|Any CPU
		{3B378C1E-F4C1-4EE8-9F0D-449144FC2EA4}.Debug|Any CPU.Build.0 = Debug|Any CPU
		{3B378C1E-F4C1-4EE8-9F0D-449144FC2EA4}.Release|Any CPU.ActiveCfg = Release|Any CPU
		{3B378C1E-F4C1-4EE8-9F0D-449144FC2EA4}.Release|Any CPU.Build.0 = Release|Any CPU
		{17259209-6FA5-430D-891D-08FE7A1E42C7}.Debug|Any CPU.ActiveCfg = Debug|Any CPU
		{17259209-6FA5-430D-891D-08FE7A1E42C7}.Debug|Any CPU.Build.0 = Debug|Any CPU
		{17259209-6FA5-430D-891D-08FE7A1E42C7}.Release|Any CPU.ActiveCfg = Release|Any CPU
		{17259209-6FA5-430D-891D-08FE7A1E42C7}.Release|Any CPU.Build.0 = Release|Any CPU
	EndGlobalSection
EndGlobal
