
Microsoft Visual Studio Solution File, Format Version 12.00
Project("{2150E333-8FDC-42A3-9474-1A3956D46DE8}") = "src", "src", "{ABBF5A52-D1A1-4365-A249-9FC10CDF94B8}"
EndProject
Project("{2150E333-8FDC-42A3-9474-1A3956D46DE8}") = "test", "test", "{FA4A9CE0-7C83-456F-8DF6-7BA3C931AF5C}"
EndProject
Project("{FAE04EC0-301F-11D3-BF4B-00C04F79EFBC}") = "Domain", "Domain\Domain.csproj", "{FDEC5316-7BB7-4B42-AF52-C114BF3E7C47}"
EndProject
Project("{FAE04EC0-301F-11D3-BF4B-00C04F79EFBC}") = "Infra", "Infra\Infra.csproj", "{BF6A5053-BB4D-4419-AAF7-2BC663926653}"
EndProject
Project("{FAE04EC0-301F-11D3-BF4B-00C04F79EFBC}") = "Web", "Web\Web.csproj", "{988F68C6-5AF4-45F1-B7EE-FDF3BFC53FBE}"
EndProject
Project("{FAE04EC0-301F-11D3-BF4B-00C04F79EFBC}") = "Application", "Application\Application.csproj", "{79F6787F-280D-48ED-B87E-AB6C3BCE1C39}"
EndProject
Project("{FAE04EC0-301F-11D3-BF4B-00C04F79EFBC}") = "Application.IntegrationTests", "Application.IntegrationTests\Application.IntegrationTests.csproj", "{30478CE7-22C4-4DF5-8CFB-2795E2347DE6}"
EndProject
Project("{FAE04EC0-301F-11D3-BF4B-00C04F79EFBC}") = "Application.UnitTests", "Application.UnitTests\Application.UnitTests.csproj", "{7306BAB1-CC80-4672-86EE-46B53F271032}"
EndProject
Project("{FAE04EC0-301F-11D3-BF4B-00C04F79EFBC}") = "Infra.IntegrationTests", "Infra.IntegrationTests\Infra.IntegrationTests.csproj", "{02C91780-2C42-43E2-9827-9AEFF88FDA4F}"
EndProject
Project("{FAE04EC0-301F-11D3-BF4B-00C04F79EFBC}") = "Domain.UnitTests", "Domain.UnitTests\Domain.UnitTests.csproj", "{C6B8F3A9-491A-4ABF-AD07-EA1464B3460C}"
EndProject
Project("{FAE04EC0-301F-11D3-BF4B-00C04F79EFBC}") = "Core.UnitTest", "Core.UnitTest\Core.UnitTest.csproj", "{C16AF772-37FB-4C44-9BA2-68AA2E6EA061}"
EndProject
Global
	GlobalSection(SolutionConfigurationPlatforms) = preSolution
		Debug|Any CPU = Debug|Any CPU
		Release|Any CPU = Release|Any CPU
	EndGlobalSection
	GlobalSection(NestedProjects) = preSolution
		{FDEC5316-7BB7-4B42-AF52-C114BF3E7C47} = {ABBF5A52-D1A1-4365-A249-9FC10CDF94B8}
		{BF6A5053-BB4D-4419-AAF7-2BC663926653} = {ABBF5A52-D1A1-4365-A249-9FC10CDF94B8}
		{988F68C6-5AF4-45F1-B7EE-FDF3BFC53FBE} = {ABBF5A52-D1A1-4365-A249-9FC10CDF94B8}
		{79F6787F-280D-48ED-B87E-AB6C3BCE1C39} = {ABBF5A52-D1A1-4365-A249-9FC10CDF94B8}
		{30478CE7-22C4-4DF5-8CFB-2795E2347DE6} = {FA4A9CE0-7C83-456F-8DF6-7BA3C931AF5C}
		{7306BAB1-CC80-4672-86EE-46B53F271032} = {FA4A9CE0-7C83-456F-8DF6-7BA3C931AF5C}
		{02C91780-2C42-43E2-9827-9AEFF88FDA4F} = {FA4A9CE0-7C83-456F-8DF6-7BA3C931AF5C}
		{C6B8F3A9-491A-4ABF-AD07-EA1464B3460C} = {FA4A9CE0-7C83-456F-8DF6-7BA3C931AF5C}
		{C16AF772-37FB-4C44-9BA2-68AA2E6EA061} = {FA4A9CE0-7C83-456F-8DF6-7BA3C931AF5C}
	EndGlobalSection
	GlobalSection(ProjectConfigurationPlatforms) = postSolution
		{30478CE7-22C4-4DF5-8CFB-2795E2347DE6}.Debug|Any CPU.ActiveCfg = Debug|Any CPU
		{30478CE7-22C4-4DF5-8CFB-2795E2347DE6}.Debug|Any CPU.Build.0 = Debug|Any CPU
		{30478CE7-22C4-4DF5-8CFB-2795E2347DE6}.Release|Any CPU.ActiveCfg = Release|Any CPU
		{30478CE7-22C4-4DF5-8CFB-2795E2347DE6}.Release|Any CPU.Build.0 = Release|Any CPU
		{7306BAB1-CC80-4672-86EE-46B53F271032}.Debug|Any CPU.ActiveCfg = Debug|Any CPU
		{7306BAB1-CC80-4672-86EE-46B53F271032}.Debug|Any CPU.Build.0 = Debug|Any CPU
		{7306BAB1-CC80-4672-86EE-46B53F271032}.Release|Any CPU.ActiveCfg = Release|Any CPU
		{7306BAB1-CC80-4672-86EE-46B53F271032}.Release|Any CPU.Build.0 = Release|Any CPU
		{02C91780-2C42-43E2-9827-9AEFF88FDA4F}.Debug|Any CPU.ActiveCfg = Debug|Any CPU
		{02C91780-2C42-43E2-9827-9AEFF88FDA4F}.Debug|Any CPU.Build.0 = Debug|Any CPU
		{02C91780-2C42-43E2-9827-9AEFF88FDA4F}.Release|Any CPU.ActiveCfg = Release|Any CPU
		{02C91780-2C42-43E2-9827-9AEFF88FDA4F}.Release|Any CPU.Build.0 = Release|Any CPU
		{C6B8F3A9-491A-4ABF-AD07-EA1464B3460C}.Debug|Any CPU.ActiveCfg = Debug|Any CPU
		{C6B8F3A9-491A-4ABF-AD07-EA1464B3460C}.Debug|Any CPU.Build.0 = Debug|Any CPU
		{C6B8F3A9-491A-4ABF-AD07-EA1464B3460C}.Release|Any CPU.ActiveCfg = Release|Any CPU
		{C6B8F3A9-491A-4ABF-AD07-EA1464B3460C}.Release|Any CPU.Build.0 = Release|Any CPU
		{C16AF772-37FB-4C44-9BA2-68AA2E6EA061}.Debug|Any CPU.ActiveCfg = Debug|Any CPU
		{C16AF772-37FB-4C44-9BA2-68AA2E6EA061}.Debug|Any CPU.Build.0 = Debug|Any CPU
		{C16AF772-37FB-4C44-9BA2-68AA2E6EA061}.Release|Any CPU.ActiveCfg = Release|Any CPU
		{C16AF772-37FB-4C44-9BA2-68AA2E6EA061}.Release|Any CPU.Build.0 = Release|Any CPU
	EndGlobalSection
EndGlobal
